GEM
  remote: https://rubygems.org/
  specs:
    date (3.5.1)
    faraday (2.14.1)
      faraday-net_http (>= 2.0, < 3.5)
      json
      logger
    faraday-net_http (3.4.2)
      net-http (~> 0.5)
    json (2.19.3)
    logger (1.7.0)
    net-http (0.9.1)
      uri (>= 0.11.1)
    nokogiri (1.18.10-x86_64-linux-gnu)
      racc (~> 1.4)
    open-uri (0.5.0)
      stringio
      time
      uri
    racc (1.8.1)
    stringio (3.2.0)
    time (0.4.2)
      date
    uri (1.1.1)

PLATFORMS
  x86_64-linux

DEPENDENCIES
  faraday
  nokogiri
  open-uri

RUBY VERSION
   ruby 3.1.7p261

BUNDLED WITH
   2.3.27
